// !$*UTF8*$!
{
	archiveVersion = 1;
	classes = {
	};
	objectVersion = 50;
	objects = {

/* Begin PBXBuildFile section */
		20FB6A9E5319038029BDB301 /* Pods_smackproject.framework in Frameworks */ = {isa = PBXBuildFile; fileRef = 4BD454195F372EC10DA5E936 /* Pods_smackproject.framework */; };
		D7531AE725F5C26700E71B4B /* AppDelegate.swift in Sources */ = {isa = PBXBuildFile; fileRef = D7531AE625F5C26700E71B4B /* AppDelegate.swift */; };
		D7531AE925F5C26700E71B4B /* SceneDelegate.swift in Sources */ = {isa = PBXBuildFile; fileRef = D7531AE825F5C26700E71B4B /* SceneDelegate.swift */; };
		D7531AEB25F5C26700E71B4B /* ViewController.swift in Sources */ = {isa = PBXBuildFile; fileRef = D7531AEA25F5C26700E71B4B /* ViewController.swift */; };
		D7531AEE25F5C26700E71B4B /* Main.storyboard in Resources */ = {isa = PBXBuildFile; fileRef = D7531AEC25F5C26700E71B4B /* Main.storyboard */; };
		D7531AF025F5C26800E71B4B /* Assets.xcassets in Resources */ = {isa = PBXBuildFile; fileRef = D7531AEF25F5C26800E71B4B /* Assets.xcassets */; };
		D7531AF325F5C26800E71B4B /* LaunchScreen.storyboard in Resources */ = {isa = PBXBuildFile; fileRef = D7531AF125F5C26800E71B4B /* LaunchScreen.storyboard */; };
/* End PBXBuildFile section */

/* Begin PBXFileReference section */
		4BD454195F372EC10DA5E936 /* Pods_smackproject.framework */ = {isa = PBXFileReference; explicitFileType = wrapper.framework; includeInIndex = 0; path = Pods_smackproject.framework; sourceTree = BUILT_PRODUCTS_DIR; };
		5556251279C77C5BDAB08255 /* Pods-smackproject.debug.xcconfig */ = {isa = PBXFileReference; includeInIndex = 1; lastKnownFileType = text.xcconfig; name = "Pods-smackproject.debug.xcconfig"; path = "Pods/Target Support Files/Pods-smackproject/Pods-smackproject.debug.xcconfig"; sourceTree = "<group>"; };
		D7531AE325F5C26700E71B4B /* smackproject.app */ = {isa = PBXFileReference; explicitFileType = wrapper.application; includeInIndex = 0; path = smackproject.app; sourceTree = BUILT_PRODUCTS_DIR; };
		D7531AE625F5C26700E71B4B /* AppDelegate.swift */ = {isa = PBXFileReference; lastKnownFileType = sourcecode.swift; path = AppDelegate.swift; sourceTree = "<group>"; };
		D7531AE825F5C26700E71B4B /* SceneDelegate.swift */ = {isa = PBXFileReference; lastKnownFileType = sourcecode.swift; path = SceneDelegate.swift; sourceTree = "<group>"; };
		D7531AEA25F5C26700E71B4B /* ViewController.swift */ = {isa = PBXFileReference; lastKnownFileType = sourcecode.swift; path = ViewController.swift; sourceTree = "<group>"; };
		D7531AED25F5C26700E71B4B /* Base */ = {isa = PBXFileReference; lastKnownFileType = file.storyboard; name = Base; path = Base.lproj/Main.storyboard; sourceTree = "<group>"; };
		D7531AEF25F5C26800E71B4B /* Assets.xcassets */ = {isa = PBXFileReference; lastKnownFileType = folder.assetcatalog; path = Assets.xcassets; sourceTree = "<group>"; };
		D7531AF225F5C26800E71B4B /* Base */ = {isa = PBXFileReference; lastKnownFileType = file.storyboard; name = Base; path = Base.lproj/LaunchScreen.storyboard; sourceTree = "<group>"; };
		D7531AF425F5C26800E71B4B /* Info.plist */ = {isa = PBXFileReference; lastKnownFileType = text.plist.xml; path = Info.plist; sourceTree = "<group>"; };
		F4E13B9CE5059933958DF2CC /* Pods-smackproject.release.xcconfig */ = {isa = PBXFileReference; includeInIndex = 1; lastKnownFileType = text.xcconfig; name = "Pods-smackproject.release.xcconfig"; path = "Pods/Target Support Files/Pods-smackproject/Pods-smackproject.release.xcconfig"; sourceTree = "<group>"; };
/* End PBXFileReference section */

/* Begin PBXFrameworksBuildPhase section */
		D7531AE025F5C26700E71B4B /* Frameworks */ = {
			isa = PBXFrameworksBuildPhase;
			buildActionMask = 2147483647;
			files = (
				20FB6A9E5319038029BDB301 /* Pods_smackproject.framework in Frameworks */,
			);
			runOnlyForDeploymentPostprocessing = 0;
		};
/* End PBXFrameworksBuildPhase section */

/* Begin PBXGroup section */
		1F046DB8C7735212AD9CD991 /* Pods */ = {
			isa = PBXGroup;
			children = (
				5556251279C77C5BDAB08255 /* Pods-smackproject.debug.xcconfig */,
				F4E13B9CE5059933958DF2CC /* Pods-smackproject.release.xcconfig */,
			);
			name = Pods;
			sourceTree = "<group>";
		};
		D5BB7C08D2BF0A4E31C37F26 /* Frameworks */ = {
			isa = PBXGroup;
			children = (
				4BD454195F372EC10DA5E936 /* Pods_smackproject.framework */,
			);
			name = Frameworks;
			sourceTree = "<group>";
		};
		D7531ADA25F5C26700E71B4B = {
			isa = PBXGroup;
			children = (
				D7531AE525F5C26700E71B4B /* smackproject */,
				D7531AE425F5C26700E71B4B /* Products */,
				1F046DB8C7735212AD9CD991 /* Pods */,
				D5BB7C08D2BF0A4E31C37F26 /* Frameworks */,
			);
			sourceTree = "<group>";
		};
		D7531AE425F5C26700E71B4B /* Products */ = {
			isa = PBXGroup;
			children = (
				D7531AE325F5C26700E71B4B /* smackproject.app */,
			);
			name = Products;
			sourceTree = "<group>";
		};
		D7531AE525F5C26700E71B4B /* smackproject */ = {
			isa = PBXGroup;
			children = (
				D7531AE625F5C26700E71B4B /* AppDelegate.swift */,
				D7531AE825F5C26700E71B4B /* SceneDelegate.swift */,
				D7531AEA25F5C26700E71B4B /* ViewController.swift */,
				D7531AEC25F5C26700E71B4B /* Main.storyboard */,
				D7531AEF25F5C26800E71B4B /* Assets.xcassets */,
				D7531AF125F5C26800E71B4B /* LaunchScreen.storyboard */,
				D7531AF425F5C26800E71B4B /* Info.plist */,
			);
			path = smackproject;
			sourceTree = "<group>";
		};
/* End PBXGroup section */

/* Begin PBXNativeTarget section */
		D7531AE225F5C26700E71B4B /* smackproject */ = {
			isa = PBXNativeTarget;
			buildConfigurationList = D7531AF725F5C26800E71B4B /* Build configuration list for PBXNativeTarget "smackproject" */;
			buildPhases = (
				0EEF0517B014DBB4BF00F2BB /* [CP] Check Pods Manifest.lock */,
				D7531ADF25F5C26700E71B4B /* Sources */,
				D7531AE025F5C26700E71B4B /* Frameworks */,
				D7531AE125F5C26700E71B4B /* Resources */,
				036E50E1E20EA101BE3D6BFA /* [CP] Embed Pods Frameworks */,
			);
			buildRules = (
			);
			dependencies = (
			);
			name = smackproject;
			productName = smackproject;
			productReference = D7531AE325F5C26700E71B4B /* smackproject.app */;
			productType = "com.apple.product-type.application";
		};
/* End PBXNativeTarget section */

/* Begin PBXProject section */
		D7531ADB25F5C26700E71B4B /* Project object */ = {
			isa = PBXProject;
			attributes = {
				LastSwiftUpdateCheck = 1130;
				LastUpgradeCheck = 1130;
				ORGANIZATIONNAME = F_OS;
				TargetAttributes = {
					D7531AE225F5C26700E71B4B = {
						CreatedOnToolsVersion = 11.3.1;
					};
				};
			};
			buildConfigurationList = D7531ADE25F5C26700E71B4B /* Build configuration list for PBXProject "smackproject" */;
			compatibilityVersion = "Xcode 9.3";
			developmentRegion = en;
			hasScannedForEncodings = 0;
			knownRegions = (
				en,
				Base,
			);
			mainGroup = D7531ADA25F5C26700E71B4B;
			productRefGroup = D7531AE425F5C26700E71B4B /* Products */;
			projectDirPath = "";
			projectRoot = "";
			targets = (
				D7531AE225F5C26700E71B4B /* smackproject */,
			);
		};
/* End PBXProject section */

/* Begin PBXResourcesBuildPhase section */
		D7531AE125F5C26700E71B4B /* Resources */ = {
			isa = PBXResourcesBuildPhase;
			buildActionMask = 2147483647;
			files = (
				D7531AF325F5C26800E71B4B /* LaunchScreen.storyboard in Resources */,
				D7531AF025F5C26800E71B4B /* Assets.xcassets in Resources */,
				D7531AEE25F5C26700E71B4B /* Main.storyboard in Resources */,
			);
			runOnlyForDeploymentPostprocessing = 0;
		};
/* End PBXResourcesBuildPhase section */

/* Begin PBXShellScriptBuildPhase section */
		036E50E1E20EA101BE3D6BFA /* [CP] Embed Pods Frameworks */ = {
			isa = PBXShellScriptBuildPhase;
			buildActionMask = 2147483647;
			files = (
			);
			inputPaths = (
				"${SRCROOT}/Pods/Target Support Files/Pods-smackproject/Pods-smackproject-frameworks.sh",
				"${BUILT_PRODUCTS_DIR}/Alamofire/Alamofire.framework",
				"${BUILT_PRODUCTS_DIR}/Socket.IO-Client-Swift/SocketIO.framework",
				"${BUILT_PRODUCTS_DIR}/Starscream/Starscream.framework",
				"${BUILT_PRODUCTS_DIR}/SwiftyJSON/SwiftyJSON.framework",
			);
			name = "[CP] Embed Pods Frameworks";
			outputPaths = (
				"${TARGET_BUILD_DIR}/${FRAMEWORKS_FOLDER_PATH}/Alamofire.framework",
				"${TARGET_BUILD_DIR}/${FRAMEWORKS_FOLDER_PATH}/SocketIO.framework",
				"${TARGET_BUILD_DIR}/${FRAMEWORKS_FOLDER_PATH}/Starscream.framework",
				"${TARGET_BUILD_DIR}/${FRAMEWORKS_FOLDER_PATH}/SwiftyJSON.framework",
			);
			runOnlyForDeploymentPostprocessing = 0;
			shellPath = /bin/sh;
			shellScript = "\"${SRCROOT}/Pods/Target Support Files/Pods-smackproject/Pods-smackproject-frameworks.sh\"\n";
			showEnvVarsInLog = 0;
		};
		0EEF0517B014DBB4BF00F2BB /* [CP] Check Pods Manifest.lock */ = {
			isa = PBXShellScriptBuildPhase;
			buildActionMask = 2147483647;
			files = (
			);
			inputPaths = (
				"${PODS_PODFILE_DIR_PATH}/Podfile.lock",
				"${PODS_ROOT}/Manifest.lock",
			);
			name = "[CP] Check Pods Manifest.lock";
			outputPaths = (
				"$(DERIVED_FILE_DIR)/Pods-smackproject-checkManifestLockResult.txt",
			);
			runOnlyForDeploymentPostprocessing = 0;
			shellPath = /bin/sh;
			shellScript = "diff \"${PODS_PODFILE_DIR_PATH}/Podfile.lock\" \"${PODS_ROOT}/Manifest.lock\" > /dev/null\nif [ $? != 0 ] ; then\n    # print error to STDERR\n    echo \"error: The sandbox is not in sync with the Podfile.lock. Run 'pod install' or update your CocoaPods installation.\" >&2\n    exit 1\nfi\n# This output is used by Xcode 'outputs' to avoid re-running this script phase.\necho \"SUCCESS\" > \"${SCRIPT_OUTPUT_FILE_0}\"\n";
			showEnvVarsInLog = 0;
		};
/* End PBXShellScriptBuildPhase section */

/* Begin PBXSourcesBuildPhase section */
		D7531ADF25F5C26700E71B4B /* Sources */ = {
			isa = PBXSourcesBuildPhase;
			buildActionMask = 2147483647;
			files = (
				D7531AEB25F5C26700E71B4B /* ViewController.swift in Sources */,
				D7531AE725F5C26700E71B4B /* AppDelegate.swift in Sources */,
				D7531AE925F5C26700E71B4B /* SceneDelegate.swift in Sources */,
			);
			runOnlyForDeploymentPostprocessing = 0;
		};
/* End PBXSourcesBuildPhase section */

/* Begin PBXVariantGroup section */
		D7531AEC25F5C26700E71B4B /* Main.storyboard */ = {
			isa = PBXVariantGroup;
			children = (
				D7531AED25F5C26700E71B4B /* Base */,
			);
			name = Main.storyboard;
			sourceTree = "<group>";
		};
		D7531AF125F5C26800E71B4B /* LaunchScreen.storyboard */ = {
			isa = PBXVariantGroup;
			children = (
				D7531AF225F5C26800E71B4B /* Base */,
			);
			name = LaunchScreen.storyboard;
			sourceTree = "<group>";
		};
/* End PBXVariantGroup section */

/* Begin XCBuildConfiguration section */
		D7531AF525F5C26800E71B4B /* Debug */ = {
			isa = XCBuildConfiguration;
			buildSettings = {
				ALWAYS_SEARCH_USER_PATHS = NO;
				CLANG_ANALYZER_NONNULL = YES;
				CLANG_ANALYZER_NUMBER_OBJECT_CONVERSION = YES_AGGRESSIVE;
				CLANG_CXX_LANGUAGE_STANDARD = "gnu++14";
				CLANG_CXX_LIBRARY = "libc++";
				CLANG_ENABLE_MODULES = YES;
				CLANG_ENABLE_OBJC_ARC = YES;
				CLANG_ENABLE_OBJC_WEAK = YES;
				CLANG_WARN_BLOCK_CAPTURE_AUTORELEASING = YES;
				CLANG_WARN_BOOL_CONVERSION = YES;
				CLANG_WARN_COMMA = YES;
				CLANG_WARN_CONSTANT_CONVERSION = YES;
				CLANG_WARN_DEPRECATED_OBJC_IMPLEMENTATIONS = YES;
				CLANG_WARN_DIRECT_OBJC_ISA_USAGE = YES_ERROR;
				CLANG_WARN_DOCUMENTATION_COMMENTS = YES;
				CLANG_WARN_EMPTY_BODY = YES;
				CLANG_WARN_ENUM_CONVERSION = YES;
				CLANG_WARN_INFINITE_RECURSION = YES;
				CLANG_WARN_INT_CONVERSION = YES;
				CLANG_WARN_NON_LITERAL_NULL_CONVERSION = YES;
				CLANG_WARN_OBJC_IMPLICIT_RETAIN_SELF = YES;
				CLANG_WARN_OBJC_LITERAL_CONVERSION = YES;
				CLANG_WARN_OBJC_ROOT_CLASS = YES_ERROR;
				CLANG_WARN_RANGE_LOOP_ANALYSIS = YES;
				CLANG_WARN_STRICT_PROTOTYPES = YES;
				CLANG_WARN_SUSPICIOUS_MOVE = YES;
				CLANG_WARN_UNGUARDED_AVAILABILITY = YES_AGGRESSIVE;
				CLANG_WARN_UNREACHABLE_CODE = YES;
				CLANG_WARN__DUPLICATE_METHOD_MATCH = YES;
				COPY_PHASE_STRIP = NO;
				DEBUG_INFORMATION_FORMAT = dwarf;
				ENABLE_STRICT_OBJC_MSGSEND = YES;
				ENABLE_TESTABILITY = YES;
				GCC_C_LANGUAGE_STANDARD = gnu11;
				GCC_DYNAMIC_NO_PIC = NO;
				GCC_NO_COMMON_BLOCKS = YES;
				GCC_OPTIMIZATION_LEVEL = 0;
				GCC_PREPROCESSOR_DEFINITIONS = (
					"DEBUG=1",
					"$(inherited)",
				);
				GCC_WARN_64_TO_32_BIT_CONVERSION = YES;
				GCC_WARN_ABOUT_RETURN_TYPE = YES_ERROR;
				GCC_WARN_UNDECLARED_SELECTOR = YES;
				GCC_WARN_UNINITIALIZED_AUTOS = YES_AGGRESSIVE;
				GCC_WARN_UNUSED_FUNCTION = YES;
				GCC_WARN_UNUSED_VARIABLE = YES;
				IPHONEOS_DEPLOYMENT_TARGET = 13.2;
				MTL_ENABLE_DEBUG_INFO = INCLUDE_SOURCE;
				MTL_FAST_MATH = YES;
				ONLY_ACTIVE_ARCH = YES;
				SDKROOT = iphoneos;
				SWIFT_ACTIVE_COMPILATION_CONDITIONS = DEBUG;
				SWIFT_OPTIMIZATION_LEVEL = "-Onone";
			};
			name = Debug;
		};
		D7531AF625F5C26800E71B4B /* Release */ = {
			isa = XCBuildConfiguration;
			buildSettings = {
				ALWAYS_SEARCH_USER_PATHS = NO;
				CLANG_ANALYZER_NONNULL = YES;
				CLANG_ANALYZER_NUMBER_OBJECT_CONVERSION = YES_AGGRESSIVE;
				CLANG_CXX_LANGUAGE_STANDARD = "gnu++14";
				CLANG_CXX_LIBRARY = "libc++";
				CLANG_ENABLE_MODULES = YES;
				CLANG_ENABLE_OBJC_ARC = YES;
				CLANG_ENABLE_OBJC_WEAK = YES;
				CLANG_WARN_BLOCK_CAPTURE_AUTORELEASING = YES;
				CLANG_WARN_BOOL_CONVERSION = YES;
				CLANG_WARN_COMMA = YES;
				CLANG_WARN_CONSTANT_CONVERSION = YES;
				CLANG_WARN_DEPRECATED_OBJC_IMPLEMENTATIONS = YES;
				CLANG_WARN_DIRECT_OBJC_ISA_USAGE = YES_ERROR;
				CLANG_WARN_DOCUMENTATION_COMMENTS = YES;
				CLANG_WARN_EMPTY_BODY = YES;
				CLANG_WARN_ENUM_CONVERSION = YES;
				CLANG_WARN_INFINITE_RECURSION = YES;
				CLANG_WARN_INT_CONVERSION = YES;
				CLANG_WARN_NON_LITERAL_NULL_CONVERSION = YES;
				CLANG_WARN_OBJC_IMPLICIT_RETAIN_SELF = YES;
				CLANG_WARN_OBJC_LITERAL_CONVERSION = YES;
				CLANG_WARN_OBJC_ROOT_CLASS = YES_ERROR;
				CLANG_WARN_RANGE_LOOP_ANALYSIS = YES;
				CLANG_WARN_STRICT_PROTOTYPES = YES;
				CLANG_WARN_SUSPICIOUS_MOVE = YES;
				CLANG_WARN_UNGUARDED_AVAILABILITY = YES_AGGRESSIVE;
				CLANG_WARN_UNREACHABLE_CODE = YES;
				CLANG_WARN__DUPLICATE_METHOD_MATCH = YES;
				COPY_PHASE_STRIP = NO;
				DEBUG_INFORMATION_FORMAT = "dwarf-with-dsym";
				ENABLE_NS_ASSERTIONS = NO;
				ENABLE_STRICT_OBJC_MSGSEND = YES;
				GCC_C_LANGUAGE_STANDARD = gnu11;
				GCC_NO_COMMON_BLOCKS = YES;
				GCC_WARN_64_TO_32_BIT_CONVERSION = YES;
				GCC_WARN_ABOUT_RETURN_TYPE = YES_ERROR;
				GCC_WARN_UNDECLARED_SELECTOR = YES;
				GCC_WARN_UNINITIALIZED_AUTOS = YES_AGGRESSIVE;
				GCC_WARN_UNUSED_FUNCTION = YES;
				GCC_WARN_UNUSED_VARIABLE = YES;
				IPHONEOS_DEPLOYMENT_TARGET = 13.2;
				MTL_ENABLE_DEBUG_INFO = NO;
				MTL_FAST_MATH = YES;
				SDKROOT = iphoneos;
				SWIFT_COMPILATION_MODE = wholemodule;
				SWIFT_OPTIMIZATION_LEVEL = "-O";
				VALIDATE_PRODUCT = YES;
			};
			name = Release;
		};
		D7531AF825F5C26800E71B4B /* Debug */ = {
			isa = XCBuildConfiguration;
			baseConfigurationReference = 5556251279C77C5BDAB08255 /* Pods-smackproject.debug.xcconfig */;
			buildSettings = {
				ASSETCATALOG_COMPILER_APPICON_NAME = AppIcon;
				CODE_SIGN_STYLE = Automatic;
				INFOPLIST_FILE = smackproject/Info.plist;
				LD_RUNPATH_SEARCH_PATHS = (
					"$(inherited)",
					"@executable_path/Frameworks",
				);
				PRODUCT_BUNDLE_IDENTIFIER = test2.smackproject;
				PRODUCT_NAME = "$(TARGET_NAME)";
				SWIFT_VERSION = 5.0;
				TARGETED_DEVICE_FAMILY = "1,2";
			};
			name = Debug;
		};
		D7531AF925F5C26800E71B4B /* Release */ = {
			isa = XCBuildConfiguration;
			baseConfigurationReference = F4E13B9CE5059933958DF2CC /* Pods-smackproject.release.xcconfig */;
			buildSettings = {
				ASSETCATALOG_COMPILER_APPICON_NAME = AppIcon;
				CODE_SIGN_STYLE = Automatic;
				INFOPLIST_FILE = smackproject/Info.plist;
				LD_RUNPATH_SEARCH_PATHS = (
					"$(inherited)",
					"@executable_path/Frameworks",
				);
				PRODUCT_BUNDLE_IDENTIFIER = test2.smackproject;
				PRODUCT_NAME = "$(TARGET_NAME)";
				SWIFT_VERSION = 5.0;
				TARGETED_DEVICE_FAMILY = "1,2";
			};
			name = Release;
		};
/* End XCBuildConfiguration section */

/* Begin XCConfigurationList section */
		D7531ADE25F5C26700E71B4B /* Build configuration list for PBXProject "smackproject" */ = {
			isa = XCConfigurationList;
			buildConfigurations = (
				D7531AF525F5C26800E71B4B /* Debug */,
				D7531AF625F5C26800E71B4B /* Release */,
			);
			defaultConfigurationIsVisible = 0;
			defaultConfigurationName = Release;
		};
		D7531AF725F5C26800E71B4B /* Build configuration list for PBXNativeTarget "smackproject" */ = {
			isa = XCConfigurationList;
			buildConfigurations = (
				D7531AF825F5C26800E71B4B /* Debug */,
				D7531AF925F5C26800E71B4B /* Release */,
			);
			defaultConfigurationIsVisible = 0;
			defaultConfigurationName = Release;
		};
/* End XCConfigurationList section */
	};
	rootObject = D7531ADB25F5C26700E71B4B /* Project object */;
}
